
Microsoft Visual Studio Solution File, Format Version 12.00
# Visual Studio 15
VisualStudioVersion = 15.0.28307.1169
MinimumVisualStudioVersion = 10.0.40219.1
Project("{D2ABAB84-BF74-430A-B69E-9DC6D40DDA17}") = "CuboSakila", "CuboSakila\CuboSakila.dwproj", "{EDCA6562-F5A9-4AC2-87F1-1CE49045FE02}"
EndProject
Global
	GlobalSection(SolutionConfigurationPlatforms) = preSolution
		Development|Default = Development|Default
	EndGlobalSection
	GlobalSection(ProjectConfigurationPlatforms) = postSolution
		{EDCA6562-F5A9-4AC2-87F1-1CE49045FE02}.Development|Default.ActiveCfg = Development
		{EDCA6562-F5A9-4AC2-87F1-1CE49045FE02}.Development|Default.Build.0 = Development
		{EDCA6562-F5A9-4AC2-87F1-1CE49045FE02}.Development|Default.Deploy.0 = Development
	EndGlobalSection
	GlobalSection(SolutionProperties) = preSolution
		HideSolutionNode = FALSE
	EndGlobalSection
	GlobalSection(ExtensibilityGlobals) = postSolution
		SolutionGuid = {472B7C63-E54E-453D-9DD7-072FBE1B7C3C}
	EndGlobalSection
EndGlobal
